
Microsoft Visual Studio Solution File, Format Version 12.00
# Visual Studio Version 17
VisualStudioVersion = 17.10.35013.160
MinimumVisualStudioVersion = 10.0.40219.1
Project("{9A19103F-16F7-4668-BE54-9A1E7A4F7556}") = "SeleniumWebDriverNET", "SeleniumWebDriverNET.csproj", "{95B13274-F761-491D-BC02-7F43E7A06C37}"
EndProject
Global
	GlobalSection(SolutionConfigurationPlatforms) = preSolution
		Debug|Any CPU = Debug|Any CPU
		Release|Any CPU = Release|Any CPU
	EndGlobalSection
	GlobalSection(ProjectConfigurationPlatforms) = postSolution
		{95B13274-F761-491D-BC02-7F43E7A06C37}.Debug|Any CPU.ActiveCfg = Debug|Any CPU
		{95B13274-F761-491D-BC02-7F43E7A06C37}.Debug|Any CPU.Build.0 = Debug|Any CPU
		{95B13274-F761-491D-BC02-7F43E7A06C37}.Release|Any CPU.ActiveCfg = Release|Any CPU
		{95B13274-F761-491D-BC02-7F43E7A06C37}.Release|Any CPU.Build.0 = Release|Any CPU
	EndGlobalSection
	GlobalSection(SolutionProperties) = preSolution
		HideSolutionNode = FALSE
	EndGlobalSection
	GlobalSection(ExtensibilityGlobals) = postSolution
		SolutionGuid = {8DBC1276-8728-4076-8FEC-79A1BD4D0D33}
	EndGlobalSection
EndGlobal
